# This file is automatically @generated by Cargo.
# It is not intended for manual editing.
version = 4

[[package]]
name = "repro-app"
version = "0.1.0"
dependencies = [
 "repro-proc-macro",
]

[[package]]
name = "repro-proc-macro"
version = "0.1.0"
dependencies = [
 "repro-proc-macro-dep",
]

[[package]]
name = "repro-proc-macro-dep"
version = "0.1.0"
